
Microsoft Visual Studio Solution File, Format Version 12.00
# Visual Studio Version 16
VisualStudioVersion = 16.0.31005.135
MinimumVisualStudioVersion = 10.0.40219.1
Project("{9A19103F-16F7-4668-BE54-9A1E7A4F7556}") = "Airflights", "Airflights.csproj", "{B83E2A9F-D226-4CE4-84AC-878639077D8D}"
EndProject
Project("{9A19103F-16F7-4668-BE54-9A1E7A4F7556}") = "DAL", "..\DAL\DAL.csproj", "{2754F723-5D80-4C1D-966C-E9FCC118E2D8}"
EndProject
Project("{9A19103F-16F7-4668-BE54-9A1E7A4F7556}") = "AirflightWEB", "..\AirflightWEB\AirflightWEB.csproj", "{03653D24-3473-4FBE-AF35-02969B0472EB}"
EndProject
Project("{FAE04EC0-301F-11D3-BF4B-00C04F79EFBC}") = "DTO", "..\DTO\DTO.csproj", "{75E1D1B1-D9FC-4915-BC50-D417B78272EC}"
EndProject
Global
	GlobalSection(SolutionConfigurationPlatforms) = preSolution
		Debug|Any CPU = Debug|Any CPU
		Release|Any CPU = Release|Any CPU
	EndGlobalSection
	GlobalSection(ProjectConfigurationPlatforms) = postSolution
		{B83E2A9F-D226-4CE4-84AC-878639077D8D}.Debug|Any CPU.ActiveCfg = Debug|Any CPU
		{B83E2A9F-D226-4CE4-84AC-878639077D8D}.Debug|Any CPU.Build.0 = Debug|Any CPU
		{B83E2A9F-D226-4CE4-84AC-878639077D8D}.Release|Any CPU.ActiveCfg = Release|Any CPU
		{B83E2A9F-D226-4CE4-84AC-878639077D8D}.Release|Any CPU.Build.0 = Release|Any CPU
		{2754F723-5D80-4C1D-966C-E9FCC118E2D8}.Debug|Any CPU.ActiveCfg = Debug|Any CPU
		{2754F723-5D80-4C1D-966C-E9FCC118E2D8}.Debug|Any CPU.Build.0 = Debug|Any CPU
		{2754F723-5D80-4C1D-966C-E9FCC118E2D8}.Release|Any CPU.ActiveCfg = Release|Any CPU
		{2754F723-5D80-4C1D-966C-E9FCC118E2D8}.Release|Any CPU.Build.0 = Release|Any CPU
		{03653D24-3473-4FBE-AF35-02969B0472EB}.Debug|Any CPU.ActiveCfg = Debug|Any CPU
		{03653D24-3473-4FBE-AF35-02969B0472EB}.Debug|Any CPU.Build.0 = Debug|Any CPU
		{03653D24-3473-4FBE-AF35-02969B0472EB}.Release|Any CPU.ActiveCfg = Release|Any CPU
		{03653D24-3473-4FBE-AF35-02969B0472EB}.Release|Any CPU.Build.0 = Release|Any CPU
		{75E1D1B1-D9FC-4915-BC50-D417B78272EC}.Debug|Any CPU.ActiveCfg = Debug|Any CPU
		{75E1D1B1-D9FC-4915-BC50-D417B78272EC}.Debug|Any CPU.Build.0 = Debug|Any CPU
		{75E1D1B1-D9FC-4915-BC50-D417B78272EC}.Release|Any CPU.ActiveCfg = Release|Any CPU
		{75E1D1B1-D9FC-4915-BC50-D417B78272EC}.Release|Any CPU.Build.0 = Release|Any CPU
	EndGlobalSection
	GlobalSection(SolutionProperties) = preSolution
		HideSolutionNode = FALSE
	EndGlobalSection
	GlobalSection(ExtensibilityGlobals) = postSolution
		SolutionGuid = {FECF10C4-BD98-4BEA-8840-0CA26749755A}
	EndGlobalSection
EndGlobal
